{
  "plugin_type": "utilities",
  "name": "gdrive",
  "namespace": "utility_gdrive",
  "variant": "matatika",
  "label": "Google Drive",
  "pip_url": "git+https://github.com/Matatika/utility-gdrive.git@v0.2.0",
  "settings": [
    {
      "name": "file_id",
      "kind": "string",
      "label": "GDrive File or Folder ID",
      "protected": false
    },
    {
      "name": "output_path",
      "env": "GDRIVE_OUTPUT_PATH",
      "kind": "string",
      "label": "Output Path",
      "protected": false,
      "required": "false"
    },
    {
      "name": "oauth_credentials.authorization_url",
      "kind": "hidden",
      "value": "https://oauth2.googleapis.com/token",
      "label": "OAuth identity provider authorization endpoint used create and refresh tokens",
      "protected": false
    },
    {
      "name": "oauth_credentials.scope",
      "kind": "hidden",
      "value": "https://www.googleapis.com/auth/drive.readonly",
      "label": "OAuth scopes we need to request access to",
      "protected": false
    },
    {
      "name": "oauth_credentials.refresh_proxy_url",
      "kind": "hidden",
      "label": "Optional - will be called with 'oauth_credentials.refresh_token' to refresh the access token",
      "protected": false,
      "required": "false"
    },
    {
      "name": "oauth_credentials.refresh_proxy_url_auth",
      "kind": "hidden",
      "label": "Optional - Sets Authorization header on 'oauth_credentials.refresh_url' request",
      "protected": false,
      "required": "false"
    },
    {
      "name": "oauth_credentials.client_id",
      "env": "GDRIVE_CLIENT_ID",
      "kind": "hidden",
      "label": "Optional - OAuth Client ID used if refresh_proxy_url not supplied",
      "protected": false,
      "required": "false"
    },
    {
      "name": "oauth_credentials.client_secret",
      "env": "GDRIVE_CLIENT_SECRET",
      "kind": "hidden",
      "label": "Optional - OAuth Client Secret used if refresh_proxy_url not supplied",
      "protected": false,
      "required": "false"
    },
    {
      "name": "oauth_credentials.refresh_token",
      "env": "GDRIVE_REFRESH_TOKEN",
      "kind": "hidden",
      "label": "OAuth Refresh Token",
      "protected": false,
      "required": "false"
    },
    {
      "name": "oauth_credentials.access_token",
      "env": "GDRIVE_ACCESS_TOKEN",
      "kind": "hidden",
      "label": "Access Token",
      "protected": false
    }
  ],
  "commands": {
    "run": {
      "args": "$GDRIVE_FILE_ID",
      "description": "Run utility-gdrive to download file or folder of files."
    }
  }
}